
Microsoft Visual Studio Solution File, Format Version 12.00
# Visual Studio Version 17
VisualStudioVersion = 17.9.34701.34
MinimumVisualStudioVersion = 10.0.40219.1
Project("{FAE04EC0-301F-11D3-BF4B-00C04F79EFBC}") = "PatientInfoAPI", "PatientInfoAPI\PatientInfoAPI.csproj", "{587FA417-7517-4511-9663-076638FA359B}"
EndProject
Global
	GlobalSection(SolutionConfigurationPlatforms) = preSolution
		Debug|Any CPU = Debug|Any CPU
		Release|Any CPU = Release|Any CPU
	EndGlobalSection
	GlobalSection(ProjectConfigurationPlatforms) = postSolution
		{587FA417-7517-4511-9663-076638FA359B}.Debug|Any CPU.ActiveCfg = Debug|Any CPU
		{587FA417-7517-4511-9663-076638FA359B}.Debug|Any CPU.Build.0 = Debug|Any CPU
		{587FA417-7517-4511-9663-076638FA359B}.Release|Any CPU.ActiveCfg = Release|Any CPU
		{587FA417-7517-4511-9663-076638FA359B}.Release|Any CPU.Build.0 = Release|Any CPU
	EndGlobalSection
	GlobalSection(SolutionProperties) = preSolution
		HideSolutionNode = FALSE
	EndGlobalSection
	GlobalSection(ExtensibilityGlobals) = postSolution
		SolutionGuid = {1CB465E3-C750-4868-B981-5546791FF1BC}
	EndGlobalSection
EndGlobal
